// !$*UTF8*$!
{
	archiveVersion = 1;
	classes = {
	};
	objectVersion = 46;
	objects = {

/* Begin PBXBuildFile section */
		974E9D061848360F00A53EF6 /* Foundation.framework in Frameworks */ = {isa = PBXBuildFile; fileRef = 974E9D051848360F00A53EF6 /* Foundation.framework */; };
		974E9D081848360F00A53EF6 /* CoreGraphics.framework in Frameworks */ = {isa = PBXBuildFile; fileRef = 974E9D071848360F00A53EF6 /* CoreGraphics.framework */; };
		974E9D0A1848360F00A53EF6 /* UIKit.framework in Frameworks */ = {isa = PBXBuildFile; fileRef = 974E9D091848360F00A53EF6 /* UIKit.framework */; };
		974E9D0C1848360F00A53EF6 /* CoreData.framework in Frameworks */ = {isa = PBXBuildFile; fileRef = 974E9D0B1848360F00A53EF6 /* CoreData.framework */; };
		974E9D121848360F00A53EF6 /* InfoPlist.strings in Resources */ = {isa = PBXBuildFile; fileRef = 974E9D101848360F00A53EF6 /* InfoPlist.strings */; };
		974E9D141848360F00A53EF6 /* main.m in Sources */ = {isa = PBXBuildFile; fileRef = 974E9D131848360F00A53EF6 /* main.m */; };
		974E9D181848360F00A53EF6 /* AppDelegate.m in Sources */ = {isa = PBXBuildFile; fileRef = 974E9D171848360F00A53EF6 /* AppDelegate.m */; };
		974E9D1B1848360F00A53EF6 /* readingrecord.xcdatamodeld in Sources */ = {isa = PBXBuildFile; fileRef = 974E9D191848360F00A53EF6 /* readingrecord.xcdatamodeld */; };
		974E9D1D1848360F00A53EF6 /* Images.xcassets in Resources */ = {isa = PBXBuildFile; fileRef = 974E9D1C1848360F00A53EF6 /* Images.xcassets */; };
		974E9D241848361000A53EF6 /* XCTest.framework in Frameworks */ = {isa = PBXBuildFile; fileRef = 974E9D231848361000A53EF6 /* XCTest.framework */; };
		974E9D251848361000A53EF6 /* Foundation.framework in Frameworks */ = {isa = PBXBuildFile; fileRef = 974E9D051848360F00A53EF6 /* Foundation.framework */; };
		974E9D261848361000A53EF6 /* UIKit.framework in Frameworks */ = {isa = PBXBuildFile; fileRef = 974E9D091848360F00A53EF6 /* UIKit.framework */; };
		974E9D271848361000A53EF6 /* CoreData.framework in Frameworks */ = {isa = PBXBuildFile; fileRef = 974E9D0B1848360F00A53EF6 /* CoreData.framework */; };
		974E9D2F1848361000A53EF6 /* InfoPlist.strings in Resources */ = {isa = PBXBuildFile; fileRef = 974E9D2D1848361000A53EF6 /* InfoPlist.strings */; };
		974E9D311848361000A53EF6 /* readingrecordTests.m in Sources */ = {isa = PBXBuildFile; fileRef = 974E9D301848361000A53EF6 /* readingrecordTests.m */; };
/* End PBXBuildFile section */

/* Begin PBXContainerItemProxy section */
		974E9D281848361000A53EF6 /* PBXContainerItemProxy */ = {
			isa = PBXContainerItemProxy;
			containerPortal = 974E9CFA1848360F00A53EF6 /* Project object */;
			proxyType = 1;
			remoteGlobalIDString = 974E9D011848360F00A53EF6;
			remoteInfo = readingrecord;
		};
/* End PBXContainerItemProxy section */

/* Begin PBXFileReference section */
		974E9D021848360F00A53EF6 /* readingrecord.app */ = {isa = PBXFileReference; explicitFileType = wrapper.application; includeInIndex = 0; path = readingrecord.app; sourceTree = BUILT_PRODUCTS_DIR; };
		974E9D051848360F00A53EF6 /* Foundation.framework */ = {isa = PBXFileReference; lastKnownFileType = wrapper.framework; name = Foundation.framework; path = System/Library/Frameworks/Foundation.framework; sourceTree = SDKROOT; };
		974E9D071848360F00A53EF6 /* CoreGraphics.framework */ = {isa = PBXFileReference; lastKnownFileType = wrapper.framework; name = CoreGraphics.framework; path = System/Library/Frameworks/CoreGraphics.framework; sourceTree = SDKROOT; };
		974E9D091848360F00A53EF6 /* UIKit.framework */ = {isa = PBXFileReference; lastKnownFileType = wrapper.framework; name = UIKit.framework; path = System/Library/Frameworks/UIKit.framework; sourceTree = SDKROOT; };
		974E9D0B1848360F00A53EF6 /* CoreData.framework */ = {isa = PBXFileReference; lastKnownFileType = wrapper.framework; name = CoreData.framework; path = System/Library/Frameworks/CoreData.framework; sourceTree = SDKROOT; };
		974E9D0F1848360F00A53EF6 /* readingrecord-Info.plist */ = {isa = PBXFileReference; lastKnownFileType = text.plist.xml; path = "readingrecord-Info.plist"; sourceTree = "<group>"; };
		974E9D111848360F00A53EF6 /* en */ = {isa = PBXFileReference; lastKnownFileType = text.plist.strings; name = en; path = en.lproj/InfoPlist.strings; sourceTree = "<group>"; };
		974E9D131848360F00A53EF6 /* main.m */ = {isa = PBXFileReference; lastKnownFileType = sourcecode.c.objc; path = main.m; sourceTree = "<group>"; };
		974E9D151848360F00A53EF6 /* readingrecord-Prefix.pch */ = {isa = PBXFileReference; lastKnownFileType = sourcecode.c.h; path = "readingrecord-Prefix.pch"; sourceTree = "<group>"; };
		974E9D161848360F00A53EF6 /* AppDelegate.h */ = {isa = PBXFileReference; lastKnownFileType = sourcecode.c.h; path = AppDelegate.h; sourceTree = "<group>"; };
		974E9D171848360F00A53EF6 /* AppDelegate.m */ = {isa = PBXFileReference; lastKnownFileType = sourcecode.c.objc; path = AppDelegate.m; sourceTree = "<group>"; };
		974E9D1A1848360F00A53EF6 /* readingrecord.xcdatamodel */ = {isa = PBXFileReference; lastKnownFileType = wrapper.xcdatamodel; path = readingrecord.xcdatamodel; sourceTree = "<group>"; };
		974E9D1C1848360F00A53EF6 /* Images.xcassets */ = {isa = PBXFileReference; lastKnownFileType = folder.assetcatalog; path = Images.xcassets; sourceTree = "<group>"; };
		974E9D221848361000A53EF6 /* readingrecordTests.xctest */ = {isa = PBXFileReference; explicitFileType = wrapper.cfbundle; includeInIndex = 0; path = readingrecordTests.xctest; sourceTree = BUILT_PRODUCTS_DIR; };
		974E9D231848361000A53EF6 /* XCTest.framework */ = {isa = PBXFileReference; lastKnownFileType = wrapper.framework; name = XCTest.framework; path = Library/Frameworks/XCTest.framework; sourceTree = DEVELOPER_DIR; };
		974E9D2C1848361000A53EF6 /* readingrecordTests-Info.plist */ = {isa = PBXFileReference; lastKnownFileType = text.plist.xml; path = "readingrecordTests-Info.plist"; sourceTree = "<group>"; };
		974E9D2E1848361000A53EF6 /* en */ = {isa = PBXFileReference; lastKnownFileType = text.plist.strings; name = en; path = en.lproj/InfoPlist.strings; sourceTree = "<group>"; };
		974E9D301848361000A53EF6 /* readingrecordTests.m */ = {isa = PBXFileReference; lastKnownFileType = sourcecode.c.objc; path = readingrecordTests.m; sourceTree = "<group>"; };
/* End PBXFileReference section */

/* Begin PBXFrameworksBuildPhase section */
		974E9CFF1848360F00A53EF6 /* Frameworks */ = {
			isa = PBXFrameworksBuildPhase;
			buildActionMask = 2147483647;
			files = (
				974E9D081848360F00A53EF6 /* CoreGraphics.framework in Frameworks */,
				974E9D0C1848360F00A53EF6 /* CoreData.framework in Frameworks */,
				974E9D0A1848360F00A53EF6 /* UIKit.framework in Frameworks */,
				974E9D061848360F00A53EF6 /* Foundation.framework in Frameworks */,
			);
			runOnlyForDeploymentPostprocessing = 0;
		};
		974E9D1F1848361000A53EF6 /* Frameworks */ = {
			isa = PBXFrameworksBuildPhase;
			buildActionMask = 2147483647;
			files = (
				974E9D241848361000A53EF6 /* XCTest.framework in Frameworks */,
				974E9D271848361000A53EF6 /* CoreData.framework in Frameworks */,
				974E9D261848361000A53EF6 /* UIKit.framework in Frameworks */,
				974E9D251848361000A53EF6 /* Foundation.framework in Frameworks */,
			);
			runOnlyForDeploymentPostprocessing = 0;
		};
/* End PBXFrameworksBuildPhase section */

/* Begin PBXGroup section */
		974E9CF91848360F00A53EF6 = {
			isa = PBXGroup;
			children = (
				974E9D0D1848360F00A53EF6 /* readingrecord */,
				974E9D2A1848361000A53EF6 /* readingrecordTests */,
				974E9D041848360F00A53EF6 /* Frameworks */,
				974E9D031848360F00A53EF6 /* Products */,
			);
			sourceTree = "<group>";
		};
		974E9D031848360F00A53EF6 /* Products */ = {
			isa = PBXGroup;
			children = (
				974E9D021848360F00A53EF6 /* readingrecord.app */,
				974E9D221848361000A53EF6 /* readingrecordTests.xctest */,
			);
			name = Products;
			sourceTree = "<group>";
		};
		974E9D041848360F00A53EF6 /* Frameworks */ = {
			isa = PBXGroup;
			children = (
				974E9D051848360F00A53EF6 /* Foundation.framework */,
				974E9D071848360F00A53EF6 /* CoreGraphics.framework */,
				974E9D091848360F00A53EF6 /* UIKit.framework */,
				974E9D0B1848360F00A53EF6 /* CoreData.framework */,
				974E9D231848361000A53EF6 /* XCTest.framework */,
			);
			name = Frameworks;
			sourceTree = "<group>";
		};
		974E9D0D1848360F00A53EF6 /* readingrecord */ = {
			isa = PBXGroup;
			children = (
				974E9D161848360F00A53EF6 /* AppDelegate.h */,
				974E9D171848360F00A53EF6 /* AppDelegate.m */,
				974E9D1C1848360F00A53EF6 /* Images.xcassets */,
				974E9D191848360F00A53EF6 /* readingrecord.xcdatamodeld */,
				974E9D0E1848360F00A53EF6 /* Supporting Files */,
			);
			path = readingrecord;
			sourceTree = "<group>";
		};
		974E9D0E1848360F00A53EF6 /* Supporting Files */ = {
			isa = PBXGroup;
			children = (
				974E9D0F1848360F00A53EF6 /* readingrecord-Info.plist */,
				974E9D101848360F00A53EF6 /* InfoPlist.strings */,
				974E9D131848360F00A53EF6 /* main.m */,
				974E9D151848360F00A53EF6 /* readingrecord-Prefix.pch */,
			);
			name = "Supporting Files";
			sourceTree = "<group>";
		};
		974E9D2A1848361000A53EF6 /* readingrecordTests */ = {
			isa = PBXGroup;
			children = (
				974E9D301848361000A53EF6 /* readingrecordTests.m */,
				974E9D2B1848361000A53EF6 /* Supporting Files */,
			);
			path = readingrecordTests;
			sourceTree = "<group>";
		};
		974E9D2B1848361000A53EF6 /* Supporting Files */ = {
			isa = PBXGroup;
			children = (
				974E9D2C1848361000A53EF6 /* readingrecordTests-Info.plist */,
				974E9D2D1848361000A53EF6 /* InfoPlist.strings */,
			);
			name = "Supporting Files";
			sourceTree = "<group>";
		};
/* End PBXGroup section */

/* Begin PBXNativeTarget section */
		974E9D011848360F00A53EF6 /* readingrecord */ = {
			isa = PBXNativeTarget;
			buildConfigurationList = 974E9D341848361000A53EF6 /* Build configuration list for PBXNativeTarget "readingrecord" */;
			buildPhases = (
				974E9CFE1848360F00A53EF6 /* Sources */,
				974E9CFF1848360F00A53EF6 /* Frameworks */,
				974E9D001848360F00A53EF6 /* Resources */,
			);
			buildRules = (
			);
			dependencies = (
			);
			name = readingrecord;
			productName = readingrecord;
			productReference = 974E9D021848360F00A53EF6 /* readingrecord.app */;
			productType = "com.apple.product-type.application";
		};
		974E9D211848361000A53EF6 /* readingrecordTests */ = {
			isa = PBXNativeTarget;
			buildConfigurationList = 974E9D371848361000A53EF6 /* Build configuration list for PBXNativeTarget "readingrecordTests" */;
			buildPhases = (
				974E9D1E1848361000A53EF6 /* Sources */,
				974E9D1F1848361000A53EF6 /* Frameworks */,
				974E9D201848361000A53EF6 /* Resources */,
			);
			buildRules = (
			);
			dependencies = (
				974E9D291848361000A53EF6 /* PBXTargetDependency */,
			);
			name = readingrecordTests;
			productName = readingrecordTests;
			productReference = 974E9D221848361000A53EF6 /* readingrecordTests.xctest */;
			productType = "com.apple.product-type.bundle.unit-test";
		};
/* End PBXNativeTarget section */

/* Begin PBXProject section */
		974E9CFA1848360F00A53EF6 /* Project object */ = {
			isa = PBXProject;
			attributes = {
				LastUpgradeCheck = 0500;
				ORGANIZATIONNAME = "Ben Reilly";
				TargetAttributes = {
					974E9D211848361000A53EF6 = {
						TestTargetID = 974E9D011848360F00A53EF6;
					};
				};
			};
			buildConfigurationList = 974E9CFD1848360F00A53EF6 /* Build configuration list for PBXProject "readingrecord" */;
			compatibilityVersion = "Xcode 3.2";
			developmentRegion = English;
			hasScannedForEncodings = 0;
			knownRegions = (
				en,
			);
			mainGroup = 974E9CF91848360F00A53EF6;
			productRefGroup = 974E9D031848360F00A53EF6 /* Products */;
			projectDirPath = "";
			projectRoot = "";
			targets = (
				974E9D011848360F00A53EF6 /* readingrecord */,
				974E9D211848361000A53EF6 /* readingrecordTests */,
			);
		};
/* End PBXProject section */

/* Begin PBXResourcesBuildPhase section */
		974E9D001848360F00A53EF6 /* Resources */ = {
			isa = PBXResourcesBuildPhase;
			buildActionMask = 2147483647;
			files = (
				974E9D121848360F00A53EF6 /* InfoPlist.strings in Resources */,
				974E9D1D1848360F00A53EF6 /* Images.xcassets in Resources */,
			);
			runOnlyForDeploymentPostprocessing = 0;
		};
		974E9D201848361000A53EF6 /* Resources */ = {
			isa = PBXResourcesBuildPhase;
			buildActionMask = 2147483647;
			files = (
				974E9D2F1848361000A53EF6 /* InfoPlist.strings in Resources */,
			);
			runOnlyForDeploymentPostprocessing = 0;
		};
/* End PBXResourcesBuildPhase section */

/* Begin PBXSourcesBuildPhase section */
		974E9CFE1848360F00A53EF6 /* Sources */ = {
			isa = PBXSourcesBuildPhase;
			buildActionMask = 2147483647;
			files = (
				974E9D1B1848360F00A53EF6 /* readingrecord.xcdatamodeld in Sources */,
				974E9D181848360F00A53EF6 /* AppDelegate.m in Sources */,
				974E9D141848360F00A53EF6 /* main.m in Sources */,
			);
			runOnlyForDeploymentPostprocessing = 0;
		};
		974E9D1E1848361000A53EF6 /* Sources */ = {
			isa = PBXSourcesBuildPhase;
			buildActionMask = 2147483647;
			files = (
				974E9D311848361000A53EF6 /* readingrecordTests.m in Sources */,
			);
			runOnlyForDeploymentPostprocessing = 0;
		};
/* End PBXSourcesBuildPhase section */

/* Begin PBXTargetDependency section */
		974E9D291848361000A53EF6 /* PBXTargetDependency */ = {
			isa = PBXTargetDependency;
			target = 974E9D011848360F00A53EF6 /* readingrecord */;
			targetProxy = 974E9D281848361000A53EF6 /* PBXContainerItemProxy */;
		};
/* End PBXTargetDependency section */

/* Begin PBXVariantGroup section */
		974E9D101848360F00A53EF6 /* InfoPlist.strings */ = {
			isa = PBXVariantGroup;
			children = (
				974E9D111848360F00A53EF6 /* en */,
			);
			name = InfoPlist.strings;
			sourceTree = "<group>";
		};
		974E9D2D1848361000A53EF6 /* InfoPlist.strings */ = {
			isa = PBXVariantGroup;
			children = (
				974E9D2E1848361000A53EF6 /* en */,
			);
			name = InfoPlist.strings;
			sourceTree = "<group>";
		};
/* End PBXVariantGroup section */

/* Begin XCBuildConfiguration section */
		974E9D321848361000A53EF6 /* Debug */ = {
			isa = XCBuildConfiguration;
			buildSettings = {
				ALWAYS_SEARCH_USER_PATHS = NO;
				ARCHS = "$(ARCHS_STANDARD_INCLUDING_64_BIT)";
				CLANG_CXX_LANGUAGE_STANDARD = "gnu++0x";
				CLANG_CXX_LIBRARY = "libc++";
				CLANG_ENABLE_MODULES = YES;
				CLANG_ENABLE_OBJC_ARC = YES;
				CLANG_WARN_BOOL_CONVERSION = YES;
				CLANG_WARN_CONSTANT_CONVERSION = YES;
				CLANG_WARN_DIRECT_OBJC_ISA_USAGE = YES_ERROR;
				CLANG_WARN_EMPTY_BODY = YES;
				CLANG_WARN_ENUM_CONVERSION = YES;
				CLANG_WARN_INT_CONVERSION = YES;
				CLANG_WARN_OBJC_ROOT_CLASS = YES_ERROR;
				CLANG_WARN__DUPLICATE_METHOD_MATCH = YES;
				"CODE_SIGN_IDENTITY[sdk=iphoneos*]" = "iPhone Developer";
				COPY_PHASE_STRIP = NO;
				GCC_C_LANGUAGE_STANDARD = gnu99;
				GCC_DYNAMIC_NO_PIC = NO;
				GCC_OPTIMIZATION_LEVEL = 0;
				GCC_PREPROCESSOR_DEFINITIONS = (
					"DEBUG=1",
					"$(inherited)",
				);
				GCC_SYMBOLS_PRIVATE_EXTERN = NO;
				GCC_WARN_64_TO_32_BIT_CONVERSION = YES;
				GCC_WARN_ABOUT_RETURN_TYPE = YES_ERROR;
				GCC_WARN_UNDECLARED_SELECTOR = YES;
				GCC_WARN_UNINITIALIZED_AUTOS = YES;
				GCC_WARN_UNUSED_FUNCTION = YES;
				GCC_WARN_UNUSED_VARIABLE = YES;
				IPHONEOS_DEPLOYMENT_TARGET = 7.0;
				ONLY_ACTIVE_ARCH = YES;
				SDKROOT = iphoneos;
				TARGETED_DEVICE_FAMILY = 2;
			};
			name = Debug;
		};
		974E9D331848361000A53EF6 /* Release */ = {
			isa = XCBuildConfiguration;
			buildSettings = {
				ALWAYS_SEARCH_USER_PATHS = NO;
				ARCHS = "$(ARCHS_STANDARD_INCLUDING_64_BIT)";
				CLANG_CXX_LANGUAGE_STANDARD = "gnu++0x";
				CLANG_CXX_LIBRARY = "libc++";
				CLANG_ENABLE_MODULES = YES;
				CLANG_ENABLE_OBJC_ARC = YES;
				CLANG_WARN_BOOL_CONVERSION = YES;
				CLANG_WARN_CONSTANT_CONVERSION = YES;
				CLANG_WARN_DIRECT_OBJC_ISA_USAGE = YES_ERROR;
				CLANG_WARN_EMPTY_BODY = YES;
				CLANG_WARN_ENUM_CONVERSION = YES;
				CLANG_WARN_INT_CONVERSION = YES;
				CLANG_WARN_OBJC_ROOT_CLASS = YES_ERROR;
				CLANG_WARN__DUPLICATE_METHOD_MATCH = YES;
				"CODE_SIGN_IDENTITY[sdk=iphoneos*]" = "iPhone Developer";
				COPY_PHASE_STRIP = YES;
				ENABLE_NS_ASSERTIONS = NO;
				GCC_C_LANGUAGE_STANDARD = gnu99;
				GCC_WARN_64_TO_32_BIT_CONVERSION = YES;
				GCC_WARN_ABOUT_RETURN_TYPE = YES_ERROR;
				GCC_WARN_UNDECLARED_SELECTOR = YES;
				GCC_WARN_UNINITIALIZED_AUTOS = YES;
				GCC_WARN_UNUSED_FUNCTION = YES;
				GCC_WARN_UNUSED_VARIABLE = YES;
				IPHONEOS_DEPLOYMENT_TARGET = 7.0;
				SDKROOT = iphoneos;
				TARGETED_DEVICE_FAMILY = 2;
				VALIDATE_PRODUCT = YES;
			};
			name = Release;
		};
		974E9D351848361000A53EF6 /* Debug */ = {
			isa = XCBuildConfiguration;
			buildSettings = {
				ASSETCATALOG_COMPILER_APPICON_NAME = AppIcon;
				ASSETCATALOG_COMPILER_LAUNCHIMAGE_NAME = LaunchImage;
				GCC_PRECOMPILE_PREFIX_HEADER = YES;
				GCC_PREFIX_HEADER = "readingrecord/readingrecord-Prefix.pch";
				INFOPLIST_FILE = "readingrecord/readingrecord-Info.plist";
				PRODUCT_NAME = "$(TARGET_NAME)";
				WRAPPER_EXTENSION = app;
			};
			name = Debug;
		};
		974E9D361848361000A53EF6 /* Release */ = {
			isa = XCBuildConfiguration;
			buildSettings = {
				ASSETCATALOG_COMPILER_APPICON_NAME = AppIcon;
				ASSETCATALOG_COMPILER_LAUNCHIMAGE_NAME = LaunchImage;
				GCC_PRECOMPILE_PREFIX_HEADER = YES;
				GCC_PREFIX_HEADER = "readingrecord/readingrecord-Prefix.pch";
				INFOPLIST_FILE = "readingrecord/readingrecord-Info.plist";
				PRODUCT_NAME = "$(TARGET_NAME)";
				WRAPPER_EXTENSION = app;
			};
			name = Release;
		};
		974E9D381848361000A53EF6 /* Debug */ = {
			isa = XCBuildConfiguration;
			buildSettings = {
				ARCHS = "$(ARCHS_STANDARD_INCLUDING_64_BIT)";
				BUNDLE_LOADER = "$(BUILT_PRODUCTS_DIR)/readingrecord.app/readingrecord";
				FRAMEWORK_SEARCH_PATHS = (
					"$(SDKROOT)/Developer/Library/Frameworks",
					"$(inherited)",
					"$(DEVELOPER_FRAMEWORKS_DIR)",
				);
				GCC_PRECOMPILE_PREFIX_HEADER = YES;
				GCC_PREFIX_HEADER = "readingrecord/readingrecord-Prefix.pch";
				GCC_PREPROCESSOR_DEFINITIONS = (
					"DEBUG=1",
					"$(inherited)",
				);
				INFOPLIST_FILE = "readingrecordTests/readingrecordTests-Info.plist";
				PRODUCT_NAME = "$(TARGET_NAME)";
				TEST_HOST = "$(BUNDLE_LOADER)";
				WRAPPER_EXTENSION = xctest;
			};
			name = Debug;
		};
		974E9D391848361000A53EF6 /* Release */ = {
			isa = XCBuildConfiguration;
			buildSettings = {
				ARCHS = "$(ARCHS_STANDARD_INCLUDING_64_BIT)";
				BUNDLE_LOADER = "$(BUILT_PRODUCTS_DIR)/readingrecord.app/readingrecord";
				FRAMEWORK_SEARCH_PATHS = (
					"$(SDKROOT)/Developer/Library/Frameworks",
					"$(inherited)",
					"$(DEVELOPER_FRAMEWORKS_DIR)",
				);
				GCC_PRECOMPILE_PREFIX_HEADER = YES;
				GCC_PREFIX_HEADER = "readingrecord/readingrecord-Prefix.pch";
				INFOPLIST_FILE = "readingrecordTests/readingrecordTests-Info.plist";
				PRODUCT_NAME = "$(TARGET_NAME)";
				TEST_HOST = "$(BUNDLE_LOADER)";
				WRAPPER_EXTENSION = xctest;
			};
			name = Release;
		};
/* End XCBuildConfiguration section */

/* Begin XCConfigurationList section */
		974E9CFD1848360F00A53EF6 /* Build configuration list for PBXProject "readingrecord" */ = {
			isa = XCConfigurationList;
			buildConfigurations = (
				974E9D321848361000A53EF6 /* Debug */,
				974E9D331848361000A53EF6 /* Release */,
			);
			defaultConfigurationIsVisible = 0;
			defaultConfigurationName = Release;
		};
		974E9D341848361000A53EF6 /* Build configuration list for PBXNativeTarget "readingrecord" */ = {
			isa = XCConfigurationList;
			buildConfigurations = (
				974E9D351848361000A53EF6 /* Debug */,
				974E9D361848361000A53EF6 /* Release */,
			);
			defaultConfigurationIsVisible = 0;
		};
		974E9D371848361000A53EF6 /* Build configuration list for PBXNativeTarget "readingrecordTests" */ = {
			isa = XCConfigurationList;
			buildConfigurations = (
				974E9D381848361000A53EF6 /* Debug */,
				974E9D391848361000A53EF6 /* Release */,
			);
			defaultConfigurationIsVisible = 0;
		};
/* End XCConfigurationList section */

/* Begin XCVersionGroup section */
		974E9D191848360F00A53EF6 /* readingrecord.xcdatamodeld */ = {
			isa = XCVersionGroup;
			children = (
				974E9D1A1848360F00A53EF6 /* readingrecord.xcdatamodel */,
			);
			currentVersion = 974E9D1A1848360F00A53EF6 /* readingrecord.xcdatamodel */;
			path = readingrecord.xcdatamodeld;
			sourceTree = "<group>";
			versionGroupType = wrapper.xcdatamodel;
		};
/* End XCVersionGroup section */
	};
	rootObject = 974E9CFA1848360F00A53EF6 /* Project object */;
}
